
Microsoft Visual Studio Solution File, Format Version 12.00
# Visual Studio Version 16
VisualStudioVersion = 16.0.29920.165
MinimumVisualStudioVersion = 10.0.40219.1
Project("{9A19103F-16F7-4668-BE54-9A1E7A4F7556}") = "MyMarket.PresentationWeb", "MyMarket.PresentationWeb\MyMarket.PresentationWeb.csproj", "{F027BB04-3326-4B6F-A5FB-910897BA75DA}"
EndProject
Project("{9A19103F-16F7-4668-BE54-9A1E7A4F7556}") = "MyMarketTests", "MyMarketTests\MyMarketTests.csproj", "{6181B10B-D783-4D37-B6BA-12925264E36E}"
EndProject
Project("{9A19103F-16F7-4668-BE54-9A1E7A4F7556}") = "MyMarket.Services", "MyMarket.Services\MyMarket.Services.csproj", "{AEDFFC2E-D965-4658-8CD9-A96375B0CDE7}"
EndProject
Project("{9A19103F-16F7-4668-BE54-9A1E7A4F7556}") = "MyMarket.Infrastructure", "MyMarket.Infrastructure\MyMarket.Infrastructure.csproj", "{1098B8C1-AAD4-4DE3-8AC8-C00F91A2139F}"
EndProject
Project("{9A19103F-16F7-4668-BE54-9A1E7A4F7556}") = "MyMarket.Database", "MyMarket.Database\MyMarket.Database.csproj", "{FC9B4CCA-90DD-4FA4-8C05-C88910C4A810}"
EndProject
Global
	GlobalSection(SolutionConfigurationPlatforms) = preSolution
		Debug|Any CPU = Debug|Any CPU
		Release|Any CPU = Release|Any CPU
	EndGlobalSection
	GlobalSection(ProjectConfigurationPlatforms) = postSolution
		{F027BB04-3326-4B6F-A5FB-910897BA75DA}.Debug|Any CPU.ActiveCfg = Debug|Any CPU
		{F027BB04-3326-4B6F-A5FB-910897BA75DA}.Debug|Any CPU.Build.0 = Debug|Any CPU
		{F027BB04-3326-4B6F-A5FB-910897BA75DA}.Release|Any CPU.ActiveCfg = Release|Any CPU
		{F027BB04-3326-4B6F-A5FB-910897BA75DA}.Release|Any CPU.Build.0 = Release|Any CPU
		{6181B10B-D783-4D37-B6BA-12925264E36E}.Debug|Any CPU.ActiveCfg = Debug|Any CPU
		{6181B10B-D783-4D37-B6BA-12925264E36E}.Debug|Any CPU.Build.0 = Debug|Any CPU
		{6181B10B-D783-4D37-B6BA-12925264E36E}.Release|Any CPU.ActiveCfg = Release|Any CPU
		{6181B10B-D783-4D37-B6BA-12925264E36E}.Release|Any CPU.Build.0 = Release|Any CPU
		{AEDFFC2E-D965-4658-8CD9-A96375B0CDE7}.Debug|Any CPU.ActiveCfg = Debug|Any CPU
		{AEDFFC2E-D965-4658-8CD9-A96375B0CDE7}.Debug|Any CPU.Build.0 = Debug|Any CPU
		{AEDFFC2E-D965-4658-8CD9-A96375B0CDE7}.Release|Any CPU.ActiveCfg = Release|Any CPU
		{AEDFFC2E-D965-4658-8CD9-A96375B0CDE7}.Release|Any CPU.Build.0 = Release|Any CPU
		{1098B8C1-AAD4-4DE3-8AC8-C00F91A2139F}.Debug|Any CPU.ActiveCfg = Debug|Any CPU
		{1098B8C1-AAD4-4DE3-8AC8-C00F91A2139F}.Debug|Any CPU.Build.0 = Debug|Any CPU
		{1098B8C1-AAD4-4DE3-8AC8-C00F91A2139F}.Release|Any CPU.ActiveCfg = Release|Any CPU
		{1098B8C1-AAD4-4DE3-8AC8-C00F91A2139F}.Release|Any CPU.Build.0 = Release|Any CPU
		{FC9B4CCA-90DD-4FA4-8C05-C88910C4A810}.Debug|Any CPU.ActiveCfg = Debug|Any CPU
		{FC9B4CCA-90DD-4FA4-8C05-C88910C4A810}.Debug|Any CPU.Build.0 = Debug|Any CPU
		{FC9B4CCA-90DD-4FA4-8C05-C88910C4A810}.Release|Any CPU.ActiveCfg = Release|Any CPU
		{FC9B4CCA-90DD-4FA4-8C05-C88910C4A810}.Release|Any CPU.Build.0 = Release|Any CPU
	EndGlobalSection
	GlobalSection(SolutionProperties) = preSolution
		HideSolutionNode = FALSE
	EndGlobalSection
	GlobalSection(ExtensibilityGlobals) = postSolution
		SolutionGuid = {B4A7E7AD-DE61-49EA-BF71-5C7BF871F625}
	EndGlobalSection
EndGlobal
